
Microsoft Visual Studio Solution File, Format Version 12.00
# Visual Studio 15
VisualStudioVersion = 15.0.28307.572
MinimumVisualStudioVersion = 10.0.40219.1
Project("{FAE04EC0-301F-11D3-BF4B-00C04F79EFBC}") = "DataAccess.ADO", "DataAccess.ADO\DataAccess.ADO.csproj", "{52741E15-69E2-461A-9C56-3DA3E6DCA0A4}"
EndProject
Project("{2150E333-8FDC-42A3-9474-1A3956D46DE8}") = "Solution Items", "Solution Items", "{BFED301E-1FD6-445E-83EC-CDD4F1D03F0B}"
	ProjectSection(SolutionItems) = preProject
		CreateDatabase.sql = CreateDatabase.sql
	EndProjectSection
EndProject
Global
	GlobalSection(SolutionConfigurationPlatforms) = preSolution
		Debug|Any CPU = Debug|Any CPU
		Release|Any CPU = Release|Any CPU
	EndGlobalSection
	GlobalSection(ProjectConfigurationPlatforms) = postSolution
		{52741E15-69E2-461A-9C56-3DA3E6DCA0A4}.Debug|Any CPU.ActiveCfg = Debug|Any CPU
		{52741E15-69E2-461A-9C56-3DA3E6DCA0A4}.Debug|Any CPU.Build.0 = Debug|Any CPU
		{52741E15-69E2-461A-9C56-3DA3E6DCA0A4}.Release|Any CPU.ActiveCfg = Release|Any CPU
		{52741E15-69E2-461A-9C56-3DA3E6DCA0A4}.Release|Any CPU.Build.0 = Release|Any CPU
	EndGlobalSection
	GlobalSection(SolutionProperties) = preSolution
		HideSolutionNode = FALSE
	EndGlobalSection
	GlobalSection(ExtensibilityGlobals) = postSolution
		SolutionGuid = {56079CF0-E7BE-4663-9449-1F2C464685DF}
	EndGlobalSection
EndGlobal
