
Microsoft Visual Studio Solution File, Format Version 12.00
# Visual Studio 15
VisualStudioVersion = 15.0.28307.572
MinimumVisualStudioVersion = 10.0.40219.1
Project("{FAE04EC0-301F-11D3-BF4B-00C04F79EFBC}") = "Greenfield.Identity", "Greenfield.Identity\Greenfield.Identity.csproj", "{432373B2-4D26-4CFB-987A-657464E2F9E5}"
EndProject
Global
	GlobalSection(SolutionConfigurationPlatforms) = preSolution
		Debug|Any CPU = Debug|Any CPU
		Release|Any CPU = Release|Any CPU
	EndGlobalSection
	GlobalSection(ProjectConfigurationPlatforms) = postSolution
		{432373B2-4D26-4CFB-987A-657464E2F9E5}.Debug|Any CPU.ActiveCfg = Debug|Any CPU
		{432373B2-4D26-4CFB-987A-657464E2F9E5}.Debug|Any CPU.Build.0 = Debug|Any CPU
		{432373B2-4D26-4CFB-987A-657464E2F9E5}.Release|Any CPU.ActiveCfg = Release|Any CPU
		{432373B2-4D26-4CFB-987A-657464E2F9E5}.Release|Any CPU.Build.0 = Release|Any CPU
	EndGlobalSection
	GlobalSection(SolutionProperties) = preSolution
		HideSolutionNode = FALSE
	EndGlobalSection
	GlobalSection(ExtensibilityGlobals) = postSolution
		SolutionGuid = {23A8F37F-1DB9-428A-91B2-DA4D0DF8DBC4}
	EndGlobalSection
EndGlobal
